
Microsoft Visual Studio Solution File, Format Version 12.00
# Visual Studio 14
VisualStudioVersion = 14.0.25420.1
MinimumVisualStudioVersion = 10.0.40219.1
Project("{FAE04EC0-301F-11D3-BF4B-00C04F79EFBC}") = "DotQueue.HostLib", "DotQueue.HostLib\DotQueue.HostLib.csproj", "{94D0AF34-17C0-422B-B080-B783E35F9BD1}"
EndProject
Project("{FAE04EC0-301F-11D3-BF4B-00C04F79EFBC}") = "DotQueue.Client", "DotQueue.Client\DotQueue.Client.csproj", "{6D942D00-FA78-42FA-9416-027B1D1D2EEE}"
EndProject
Project("{2150E333-8FDC-42A3-9474-1A3956D46DE8}") = "Tests", "Tests", "{584691AB-BAC5-4063-AC6C-F52DE692F8CD}"
EndProject
Project("{FAE04EC0-301F-11D3-BF4B-00C04F79EFBC}") = "DotQueue.HostLib.Tests", "DotQueue.HostLib.Tests\DotQueue.HostLib.Tests.csproj", "{4B194352-0171-41F4-971F-5F7E1CC6678F}"
EndProject
Project("{FAE04EC0-301F-11D3-BF4B-00C04F79EFBC}") = "DotQueue.Client.Tests", "DotQueue.Client.Tests\DotQueue.Client.Tests.csproj", "{279D8A93-C09F-4A72-826F-7DA0588EBFB6}"
EndProject
Project("{2150E333-8FDC-42A3-9474-1A3956D46DE8}") = "Solution Items", "Solution Items", "{0A1C525C-C42D-4432-A948-E049BE5C1F21}"
	ProjectSection(SolutionItems) = preProject
		README.md = README.md
	EndProjectSection
EndProject
Project("{2150E333-8FDC-42A3-9474-1A3956D46DE8}") = "Examples", "Examples", "{4D58C79E-CDA6-416C-83FC-9E5E187F2098}"
EndProject
Project("{FAE04EC0-301F-11D3-BF4B-00C04F79EFBC}") = "QueueHostConsole", "QueueHostConsole\QueueHostConsole.csproj", "{7D5D5501-5559-4F4E-97D3-A1DCEDD001AC}"
EndProject
Project("{FAE04EC0-301F-11D3-BF4B-00C04F79EFBC}") = "QueueHostWindowsService", "QueueHostWindowsService\QueueHostWindowsService.csproj", "{BA069A46-BADF-4B51-B506-854B0ED1C2D1}"
EndProject
Project("{FAE04EC0-301F-11D3-BF4B-00C04F79EFBC}") = "DotQueueClientSender", "DotQueueClientSender\DotQueueClientSender.csproj", "{1D7AB0D7-D917-4522-853B-3D33A1FDC8E7}"
EndProject
Project("{FAE04EC0-301F-11D3-BF4B-00C04F79EFBC}") = "SharedLib", "SharedLib\SharedLib.csproj", "{41455544-1DB4-4302-BD24-F1E28E0C2BAB}"
EndProject
Project("{FAE04EC0-301F-11D3-BF4B-00C04F79EFBC}") = "DotQueueSubscriber", "DotQueueSubscriber\DotQueueSubscriber.csproj", "{FDD76CE0-48AF-4643-9093-E7E3D6A0A08A}"
EndProject
Project("{FAE04EC0-301F-11D3-BF4B-00C04F79EFBC}") = "DotQueueTester", "DotQueueTester\DotQueueTester.csproj", "{29895999-5FC3-48F6-8155-FBB375EE9596}"
EndProject
Project("{FAE04EC0-301F-11D3-BF4B-00C04F79EFBC}") = "DotQueue.Persistence.RavenDB", "DotQueue.Persistence.RavenDB\DotQueue.Persistence.RavenDB.csproj", "{153B0ED7-539C-4C39-8873-886245AEFF49}"
EndProject
Project("{FAE04EC0-301F-11D3-BF4B-00C04F79EFBC}") = "DotQueuePersistenceHost", "DotQueuePersistenceHost\DotQueuePersistenceHost.csproj", "{9CA9C0EC-1714-4EE9-98D8-B53C8E2B636D}"
EndProject
Global
	GlobalSection(SolutionConfigurationPlatforms) = preSolution
		Debug|Any CPU = Debug|Any CPU
		Release|Any CPU = Release|Any CPU
	EndGlobalSection
	GlobalSection(ProjectConfigurationPlatforms) = postSolution
		{94D0AF34-17C0-422B-B080-B783E35F9BD1}.Debug|Any CPU.ActiveCfg = Debug|Any CPU
		{94D0AF34-17C0-422B-B080-B783E35F9BD1}.Debug|Any CPU.Build.0 = Debug|Any CPU
		{94D0AF34-17C0-422B-B080-B783E35F9BD1}.Release|Any CPU.ActiveCfg = Release|Any CPU
		{94D0AF34-17C0-422B-B080-B783E35F9BD1}.Release|Any CPU.Build.0 = Release|Any CPU
		{6D942D00-FA78-42FA-9416-027B1D1D2EEE}.Debug|Any CPU.ActiveCfg = Debug|Any CPU
		{6D942D00-FA78-42FA-9416-027B1D1D2EEE}.Debug|Any CPU.Build.0 = Debug|Any CPU
		{6D942D00-FA78-42FA-9416-027B1D1D2EEE}.Release|Any CPU.ActiveCfg = Release|Any CPU
		{6D942D00-FA78-42FA-9416-027B1D1D2EEE}.Release|Any CPU.Build.0 = Release|Any CPU
		{4B194352-0171-41F4-971F-5F7E1CC6678F}.Debug|Any CPU.ActiveCfg = Debug|Any CPU
		{4B194352-0171-41F4-971F-5F7E1CC6678F}.Debug|Any CPU.Build.0 = Debug|Any CPU
		{4B194352-0171-41F4-971F-5F7E1CC6678F}.Release|Any CPU.ActiveCfg = Release|Any CPU
		{4B194352-0171-41F4-971F-5F7E1CC6678F}.Release|Any CPU.Build.0 = Release|Any CPU
		{279D8A93-C09F-4A72-826F-7DA0588EBFB6}.Debug|Any CPU.ActiveCfg = Debug|Any CPU
		{279D8A93-C09F-4A72-826F-7DA0588EBFB6}.Debug|Any CPU.Build.0 = Debug|Any CPU
		{279D8A93-C09F-4A72-826F-7DA0588EBFB6}.Release|Any CPU.ActiveCfg = Release|Any CPU
		{279D8A93-C09F-4A72-826F-7DA0588EBFB6}.Release|Any CPU.Build.0 = Release|Any CPU
		{7D5D5501-5559-4F4E-97D3-A1DCEDD001AC}.Debug|Any CPU.ActiveCfg = Debug|Any CPU
		{7D5D5501-5559-4F4E-97D3-A1DCEDD001AC}.Debug|Any CPU.Build.0 = Debug|Any CPU
		{7D5D5501-5559-4F4E-97D3-A1DCEDD001AC}.Release|Any CPU.ActiveCfg = Release|Any CPU
		{7D5D5501-5559-4F4E-97D3-A1DCEDD001AC}.Release|Any CPU.Build.0 = Release|Any CPU
		{BA069A46-BADF-4B51-B506-854B0ED1C2D1}.Debug|Any CPU.ActiveCfg = Debug|Any CPU
		{BA069A46-BADF-4B51-B506-854B0ED1C2D1}.Debug|Any CPU.Build.0 = Debug|Any CPU
		{BA069A46-BADF-4B51-B506-854B0ED1C2D1}.Release|Any CPU.ActiveCfg = Release|Any CPU
		{BA069A46-BADF-4B51-B506-854B0ED1C2D1}.Release|Any CPU.Build.0 = Release|Any CPU
		{1D7AB0D7-D917-4522-853B-3D33A1FDC8E7}.Debug|Any CPU.ActiveCfg = Debug|Any CPU
		{1D7AB0D7-D917-4522-853B-3D33A1FDC8E7}.Debug|Any CPU.Build.0 = Debug|Any CPU
		{1D7AB0D7-D917-4522-853B-3D33A1FDC8E7}.Release|Any CPU.ActiveCfg = Release|Any CPU
		{1D7AB0D7-D917-4522-853B-3D33A1FDC8E7}.Release|Any CPU.Build.0 = Release|Any CPU
		{41455544-1DB4-4302-BD24-F1E28E0C2BAB}.Debug|Any CPU.ActiveCfg = Debug|Any CPU
		{41455544-1DB4-4302-BD24-F1E28E0C2BAB}.Debug|Any CPU.Build.0 = Debug|Any CPU
		{41455544-1DB4-4302-BD24-F1E28E0C2BAB}.Release|Any CPU.ActiveCfg = Release|Any CPU
		{41455544-1DB4-4302-BD24-F1E28E0C2BAB}.Release|Any CPU.Build.0 = Release|Any CPU
		{FDD76CE0-48AF-4643-9093-E7E3D6A0A08A}.Debug|Any CPU.ActiveCfg = Debug|Any CPU
		{FDD76CE0-48AF-4643-9093-E7E3D6A0A08A}.Debug|Any CPU.Build.0 = Debug|Any CPU
		{FDD76CE0-48AF-4643-9093-E7E3D6A0A08A}.Release|Any CPU.ActiveCfg = Release|Any CPU
		{FDD76CE0-48AF-4643-9093-E7E3D6A0A08A}.Release|Any CPU.Build.0 = Release|Any CPU
		{29895999-5FC3-48F6-8155-FBB375EE9596}.Debug|Any CPU.ActiveCfg = Debug|Any CPU
		{29895999-5FC3-48F6-8155-FBB375EE9596}.Debug|Any CPU.Build.0 = Debug|Any CPU
		{29895999-5FC3-48F6-8155-FBB375EE9596}.Release|Any CPU.ActiveCfg = Release|Any CPU
		{29895999-5FC3-48F6-8155-FBB375EE9596}.Release|Any CPU.Build.0 = Release|Any CPU
		{153B0ED7-539C-4C39-8873-886245AEFF49}.Debug|Any CPU.ActiveCfg = Debug|Any CPU
		{153B0ED7-539C-4C39-8873-886245AEFF49}.Debug|Any CPU.Build.0 = Debug|Any CPU
		{153B0ED7-539C-4C39-8873-886245AEFF49}.Release|Any CPU.ActiveCfg = Release|Any CPU
		{153B0ED7-539C-4C39-8873-886245AEFF49}.Release|Any CPU.Build.0 = Release|Any CPU
		{9CA9C0EC-1714-4EE9-98D8-B53C8E2B636D}.Debug|Any CPU.ActiveCfg = Debug|Any CPU
		{9CA9C0EC-1714-4EE9-98D8-B53C8E2B636D}.Debug|Any CPU.Build.0 = Debug|Any CPU
		{9CA9C0EC-1714-4EE9-98D8-B53C8E2B636D}.Release|Any CPU.ActiveCfg = Release|Any CPU
		{9CA9C0EC-1714-4EE9-98D8-B53C8E2B636D}.Release|Any CPU.Build.0 = Release|Any CPU
	EndGlobalSection
	GlobalSection(SolutionProperties) = preSolution
		HideSolutionNode = FALSE
	EndGlobalSection
	GlobalSection(NestedProjects) = preSolution
		{4B194352-0171-41F4-971F-5F7E1CC6678F} = {584691AB-BAC5-4063-AC6C-F52DE692F8CD}
		{279D8A93-C09F-4A72-826F-7DA0588EBFB6} = {584691AB-BAC5-4063-AC6C-F52DE692F8CD}
		{7D5D5501-5559-4F4E-97D3-A1DCEDD001AC} = {4D58C79E-CDA6-416C-83FC-9E5E187F2098}
		{BA069A46-BADF-4B51-B506-854B0ED1C2D1} = {4D58C79E-CDA6-416C-83FC-9E5E187F2098}
		{1D7AB0D7-D917-4522-853B-3D33A1FDC8E7} = {4D58C79E-CDA6-416C-83FC-9E5E187F2098}
		{41455544-1DB4-4302-BD24-F1E28E0C2BAB} = {4D58C79E-CDA6-416C-83FC-9E5E187F2098}
		{FDD76CE0-48AF-4643-9093-E7E3D6A0A08A} = {4D58C79E-CDA6-416C-83FC-9E5E187F2098}
		{9CA9C0EC-1714-4EE9-98D8-B53C8E2B636D} = {4D58C79E-CDA6-416C-83FC-9E5E187F2098}
	EndGlobalSection
EndGlobal
